{
    "_meta": {
        "hash": {
            "sha256": "d4a2996cf37ed733408d2b62e9e0057fda68c13952cb00f1ba46ee45e92fe780"
        },
        "pipfile-spec": 6,
        "requires": {
            "python_version": "3.9"
        },
        "sources": [
            {
                "name": "pypi",
                "url": "https://pypi.org/simple",
                "verify_ssl": true
            }
        ]
    },
    "default": {
        "black": {
            "hashes": [
                "sha256:0052dba51dec07ed029ed61b18183942043e00008ec65d5028814afaab9a22fd",
                "sha256:0680d4380db3719ebcfb2613f34e86c8e6d15ffeabcf8ec59355c5e7b85bb555",
                "sha256:121ca7f10b4a01fd99951234abdbd97728e1240be89fde18480ffac16503d481",
                "sha256:162e37d49e93bd6eb6f1afc3e17a3d23a823042530c37c3c42eeeaf026f38468",
                "sha256:2a951cc83ab535d248c89f300eccbd625e80ab880fbcfb5ac8afb5f01a258ac9",
                "sha256:2bf649fda611c8550ca9d7592b69f0637218c2369b7744694c5e4902873b2f3a",
                "sha256:382998821f58e5c8238d3166c492139573325287820963d2f7de4d518bd76958",
                "sha256:49f7b39e30f326a34b5c9a4213213a6b221d7ae9d58ec70df1c4a307cf2a1580",
                "sha256:57c18c5165c1dbe291d5306e53fb3988122890e57bd9b3dcb75f967f13411a26",
                "sha256:7a0f701d314cfa0896b9001df70a530eb2472babb76086344e688829efd97d32",
                "sha256:8178318cb74f98bc571eef19068f6ab5613b3e59d4f47771582f04e175570ed8",
                "sha256:8b70eb40a78dfac24842458476135f9b99ab952dd3f2dab738c1881a9b38b753",
                "sha256:9880d7d419bb7e709b37e28deb5e68a49227713b623c72b2b931028ea65f619b",
                "sha256:9afd3f493666a0cd8f8df9a0200c6359ac53940cbde049dcb1a7eb6ee2dd7074",
                "sha256:a29650759a6a0944e7cca036674655c2f0f63806ddecc45ed40b7b8aa314b651",
                "sha256:a436e7881d33acaf2536c46a454bb964a50eff59b21b51c6ccf5a40601fbef24",
                "sha256:a59db0a2094d2259c554676403fa2fac3473ccf1354c1c63eccf7ae65aac8ab6",
                "sha256:a8471939da5e824b891b25751955be52ee7f8a30a916d570a5ba8e0f2eb2ecad",
                "sha256:b0bd97bea8903f5a2ba7219257a44e3f1f9d00073d6cc1add68f0beec69692ac",
                "sha256:b6a92a41ee34b883b359998f0c8e6eb8e99803aa8bf3123bf2b2e6fec505a221",
                "sha256:bb460c8561c8c1bec7824ecbc3ce085eb50005883a6203dcfb0122e95797ee06",
                "sha256:bfffba28dc52a58f04492181392ee380e95262af14ee01d4bc7bb1b1c6ca8d27",
                "sha256:c1c476bc7b7d021321e7d93dc2cbd78ce103b84d5a4cf97ed535fbc0d6660648",
                "sha256:c91dfc2c2a4e50df0026f88d2215e166616e0c80e86004d0003ece0488db2739",
                "sha256:e6663f91b6feca5d06f2ccd49a10f254f9298cc1f7f49c46e498a0771b507104"
            ],
            "index": "pypi",
            "version": "==23.1.0"
        },
        "click": {
            "hashes": [
                "sha256:7682dc8afb30297001674575ea00d1814d808d6a36af415a82bd481d37ba7b8e",
                "sha256:bb4d8133cb15a609f44e8213d9b391b0809795062913b383c62be0ee95b1db48"
            ],
            "markers": "python_version >= '3.7'",
            "version": "==8.1.3"
        },
        "mypy-extensions": {
            "hashes": [
                "sha256:4392f6c0eb8a5668a69e23d168ffa70f0be9ccfd32b5cc2d26a34ae5b844552d",
                "sha256:75dbf8955dc00442a438fc4d0666508a9a97b6bd41aa2f0ffe9d2f2725af0782"
            ],
            "markers": "python_version >= '3.5'",
            "version": "==1.0.0"
        },
        "neat-python": {
            "hashes": [
                "sha256:be722a62d053b39fe960228e3e0baffdebe73074133ce40bbd35de650ca53a0f",
                "sha256:c69f3748032cc9653b902f0cca05983b79f5288c67aed747aa47279161117059"
            ],
            "index": "pypi",
            "version": "==0.92"
        },
        "packaging": {
            "hashes": [
                "sha256:714ac14496c3e68c99c29b00845f7a2b85f3bb6f1078fd9f72fd20f0570002b2",
                "sha256:b6ad297f8907de0fa2fe1ccbd26fdaf387f5f47c7275fedf8cce89f99446cf97"
            ],
            "markers": "python_version >= '3.7'",
            "version": "==23.0"
        },
        "pathspec": {
            "hashes": [
                "sha256:3a66eb970cbac598f9e5ccb5b2cf58930cd8e3ed86d393d541eaf2d8b1705229",
                "sha256:64d338d4e0914e91c1792321e6907b5a593f1ab1851de7fc269557a21b30ebbc"
            ],
            "markers": "python_version >= '3.7'",
            "version": "==0.11.0"
        },
        "platformdirs": {
            "hashes": [
                "sha256:8a1228abb1ef82d788f74139988b137e78692984ec7b08eaa6c65f1723af28f9",
                "sha256:b1d5eb14f221506f50d6604a561f4c5786d9e80355219694a1b244bcd96f4567"
            ],
            "markers": "python_version >= '3.7'",
            "version": "==3.0.0"
        },
        "pygame": {
            "hashes": [
                "sha256:009e9886a463f4cb86e5d11024fafb6b9a5f5808d21c4df66938922adc6ee90b",
                "sha256:06e8e4d04f8d57969689d9316bbffc7e4b9862534541535b6e892e410c4f4248",
                "sha256:0745fc99d104c71bf90c70c09a541b7922ba47391e16e9629490722fc1f3e46b",
                "sha256:0b182a6010f16571b1a92e34208ac1e9ad01a725f2fa3c1ad158c4b515ae12de",
                "sha256:0e8cb75c4cb8ae512e4f3d5410ea64359b049f7825a6e8a9010fdf5c539b8433",
                "sha256:154a0a0a953006e8ab90353055037b6710e00aa19941e2fbc1b4f0358e1a4882",
                "sha256:1758bbf986efc9f08344c7eae733f6d04f596745f737bc4c02412b809ac65d58",
                "sha256:1924826a32cc49c0d6b2e523f05e2ea608e1ff631ba595a910ddf37a8b38ee77",
                "sha256:1e083351df89cc0f9ce003cff003d420fa0362e9fd00a793c9a68fc8cd0a2e5f",
                "sha256:217072e80f470847e121b5c5658f89be35e2c1c3ab23d4126fe80fc64fd34d27",
                "sha256:21a4fbc7462d3b8bd9692a6198fb031a80a85e7ac24cfcee382901b2b57db67c",
                "sha256:240f920f846150ffb2c217d75cd1005989fbedd007df82949db361934bfa9660",
                "sha256:261fd434d869e1ae285b3ca90112d62c712fde53679e1bce3dfcee79e93f2b06",
                "sha256:2f2c3c25a1018495011dd0734df4f23ddf6e88037e884b9ecb03ef33a17c5b4c",
                "sha256:2fbbd59b95017824a9b7c3695b13f2df27a64c557c42970a6cad2e26dd5f4f31",
                "sha256:41baee1b5502b7472df0eb59af66ee347ac8ef042b08b553c85546e34daa736a",
                "sha256:45cfe97fa4de560d866f53afbf3c61136bfb4114eb585ac4b6c82c278baf2c1c",
                "sha256:4908fc837fd9f68b6cfdfeffb99b342c25cf770d76768498dc4c066c2f8b2776",
                "sha256:4ef7f1f7d37ffddee63569b5d09f693d0704b04e7c2ff5af90bf61e4cdffe6c7",
                "sha256:50934f9efc6f51d1c4408b607d34162f74ec0763628c6384e062f6bc3e97d98a",
                "sha256:55374e1afb72c6dc546fb1d9ac972de2adf642de69ec7003e66023254512f1e5",
                "sha256:5581841a9baa902d7efc243d3d03ae380f929e90d98ecccbbd49b1fa03e0a6ff",
                "sha256:5624318d189403dde7c58bdb62c340edd0faad6f18a6cf46a9f6923a66db2ba4",
                "sha256:565cccf5bf47e2ec577a0c237919aef9da66d075e982d339fae31e37734e02b8",
                "sha256:595b639fab8a1acafe78050ef71668eae0a22fb5efa022b0cd2bce26a15a371d",
                "sha256:6403f1705fc3b4fc2a51e06f3a7102cc1ed9884dc9ff5b99a4cac0d65255ad58",
                "sha256:64d37dc04a14df9519e2e87611cac6a144c6204365e3fdb0bfb86fa459e32f38",
                "sha256:6d138b15cf378b3755e1e48ea49f0f0406067ada2c176bc6489e70bc836ab72d",
                "sha256:704cb29a380b8e84d4051300e7eccd918e35cb8c44ae931fc0ec8c942e42c71f",
                "sha256:76f8207ed3feeda63df711245bec8613809b7aea71db7d0a1515268c5bd6f52d",
                "sha256:787c1f46905c2f6dd0310144fa7c61cb54d97990c477992601555edf01699f95",
                "sha256:787fff1984107da0c533d2e87c85b0082788c8b24952adf9f0bc6459be485e7f",
                "sha256:7b06978de0400276e451cbbbba80cc9566cf5663dbb8518b7ec598078440de06",
                "sha256:7cd54e859e1b626c332e254128db30e5d6d33544c10154a1ec7a052cac6a50a4",
                "sha256:867498b0ac20f5c981dcc3ee00262d06b3806b355c632f42c11f5b716ccb2ba1",
                "sha256:868ec3a2b87fdca43b4f4ef8314d4fb00c4d9ef6e732f5a9b0348ae3d015de3d",
                "sha256:8fa2701374d3125084b2fd1f9c6d056e7e0fb8ec655e46a5fa1531b7e419fa69",
                "sha256:97b0ec29c9810ca1125df013656e13a89388e5ca72fdd4d900235bceaed30349",
                "sha256:986805fbc0827bf8b8dd8c52aa4ce2fbd4475d51fe1df326bf3e788c1b9f59fd",
                "sha256:a0420eb1015abb3ebba4d29c1239010eac4d82a36b94659847d18af218293aa4",
                "sha256:a139c4290fa5227ccead2c57f6e41195c22f643e0fb7336c9da0c734c9df3cd4",
                "sha256:a9f24b4aeba86e882f3640c4251b0325f86556a5f2661bd7c9e3dc1c9fe966c6",
                "sha256:ab841fe3a4c703cc021d3bb466a9bf5df41edfa3267c44fff5bd6f47944cd4c3",
                "sha256:ad0835f1406a8589ebe7447801a47ff68c16b753d2b27193947e21c8adbac8c1",
                "sha256:af925800444941cea5e45eb94954e5335006fb1b5d35d996e22b3f616e9e0e8e",
                "sha256:b0bfcc7359308748edfe277137efd19f21e5b22373f106848d64dc048db22701",
                "sha256:b358abc054bf94fede79bb213f7ac9dd8a8737c8ac48a6bb0fa72314c147bd76",
                "sha256:b75481cc17a22679c69014ef2322d55cfa66be0923abbd9206e01ef10bb5dab6",
                "sha256:ba578c5cac85358566de3010b3f3393df3b936b310eba6811abbae5241ec19c0",
                "sha256:bc1bbb23e4f32b361956275bdde5992893981362fd37c0e62586537400bd4a4b",
                "sha256:bf1024e516fd3a3948ec45f0ad3b63e69f66c342e4678b2e04a383f735272b8f",
                "sha256:bf5b5fbb526fe76b0eb5a076b94afd29e0a91bc1ba9d6b573fad9722b7e8a5d9",
                "sha256:bfc8a0d863470ec673ff267caaff59b858e967ef78170dc04fc318a7c5f9dd33",
                "sha256:c473efee52359806d8c0a876f42ccb7ead088e7ae8f5d31e6e43f94793c943ea",
                "sha256:c9d827fbd093d5d4ef35bd9ec2994535b5f37af15860975be7e59a2d415b51c7",
                "sha256:caa4c10f79793b7be9eb1e647f84eee3e9ebb79d143d72eecaaaeb94eb44e1c1",
                "sha256:cb0493d0f7fa378fccfc65548aec92edeadbde981c964337f11c884432bfaa35",
                "sha256:cd259998a71a2f7793a4e5d5fc31493f7c7d9ec73e4320895145e7dbc1c8e48d",
                "sha256:d61bbd7a071d80706fd6337abd96484398dc04b3245e8e5df4e7c99e3676086b",
                "sha256:d9764bb10f61a1137aa1118b832417c52e53da19971f4fa94605ea5bd4acc92b",
                "sha256:df29c4369df9231eebffac801fa7af021279d7e9dc4c1cae698cc4077c98d069",
                "sha256:df450cc4342d5664accfdd895c5ee380710eaf16942722117c01deab3373bb35",
                "sha256:e18c6b0fa9e39ad3fe68e48ace92285c026ee70f05bf4dfa54a33fa89f7a0474",
                "sha256:e26c4bb679e7514a7f6c69ca8a68a495013bf46f200476d334459c44a733356f",
                "sha256:f04d89bdf7951e9fde68c7174b522befd9ae6e5c2a75d195435223df044aaacc",
                "sha256:f26e9f1385dddffe605d8afbcba1f90f81156deadbc27327dcc844eb71e24ffa",
                "sha256:f5760ea0f181c8395bc39fdb50000ce2b77d453ba4c0d98e00303a89af6ae5f0",
                "sha256:f71cfb9f161473511543ba8e713f1b34c6b00c70412ecd2d71111da82fe7f062",
                "sha256:f9fe7d817ae099f1b1fd0aac7502f7472a3ba18b068efa3dc30b5d293760565a",
                "sha256:fa8efe34b13a6bfb37e627c2b28e9967b87cd01de92cd000852e08ef8aed1cf0",
                "sha256:ff16c4cffa9958935d39eed73e5a707fc6e86b85f1ec06baf7172c555801730d"
            ],
            "index": "pypi",
            "version": "==2.1.3"
        },
        "tomli": {
            "hashes": [
                "sha256:939de3e7a6161af0c887ef91b7d41a53e7c5a1ca976325f429cb46ea9bc30ecc",
                "sha256:de526c12914f0c550d15924c62d72abc48d6fe7364aa87328337a31007fe8a4f"
            ],
            "markers": "python_version < '3.11'",
            "version": "==2.0.1"
        },
        "typing-extensions": {
            "hashes": [
                "sha256:5cb5f4a79139d699607b3ef622a1dedafa84e115ab0024e0d9c044a9479ca7cb",
                "sha256:fb33085c39dd998ac16d1431ebc293a8b3eedd00fd4a32de0ff79002c19511b4"
            ],
            "markers": "python_version < '3.10'",
            "version": "==4.5.0"
        }
    },
    "develop": {}
}
